
Microsoft Visual Studio Solution File, Format Version 12.00
# Visual Studio 15
VisualStudioVersion = 15.0.27428.2015
MinimumVisualStudioVersion = 10.0.40219.1
Project("{FAE04EC0-301F-11D3-BF4B-00C04F79EFBC}") = "ChatClient", "ChatClient\ChatClient.csproj", "{559E5DF1-CDC5-4FF2-B8D2-882D26576EA7}"
EndProject
Project("{FAE04EC0-301F-11D3-BF4B-00C04F79EFBC}") = "ChatServer", "ChatServer\ChatServer.csproj", "{3777A035-FBFD-4D7F-B43A-97F669F76214}"
EndProject
Project("{FAE04EC0-301F-11D3-BF4B-00C04F79EFBC}") = "ChatInterface", "ChatInterface\ChatInterface.csproj", "{8AE88E90-5572-44F9-9538-35BBE4B0B3B3}"
EndProject
Global
	GlobalSection(SolutionConfigurationPlatforms) = preSolution
		Debug|Any CPU = Debug|Any CPU
		Release|Any CPU = Release|Any CPU
	EndGlobalSection
	GlobalSection(ProjectConfigurationPlatforms) = postSolution
		{559E5DF1-CDC5-4FF2-B8D2-882D26576EA7}.Debug|Any CPU.ActiveCfg = Debug|Any CPU
		{559E5DF1-CDC5-4FF2-B8D2-882D26576EA7}.Debug|Any CPU.Build.0 = Debug|Any CPU
		{559E5DF1-CDC5-4FF2-B8D2-882D26576EA7}.Release|Any CPU.ActiveCfg = Release|Any CPU
		{559E5DF1-CDC5-4FF2-B8D2-882D26576EA7}.Release|Any CPU.Build.0 = Release|Any CPU
		{3777A035-FBFD-4D7F-B43A-97F669F76214}.Debug|Any CPU.ActiveCfg = Debug|Any CPU
		{3777A035-FBFD-4D7F-B43A-97F669F76214}.Debug|Any CPU.Build.0 = Debug|Any CPU
		{3777A035-FBFD-4D7F-B43A-97F669F76214}.Release|Any CPU.ActiveCfg = Release|Any CPU
		{3777A035-FBFD-4D7F-B43A-97F669F76214}.Release|Any CPU.Build.0 = Release|Any CPU
		{8AE88E90-5572-44F9-9538-35BBE4B0B3B3}.Debug|Any CPU.ActiveCfg = Debug|Any CPU
		{8AE88E90-5572-44F9-9538-35BBE4B0B3B3}.Debug|Any CPU.Build.0 = Debug|Any CPU
		{8AE88E90-5572-44F9-9538-35BBE4B0B3B3}.Release|Any CPU.ActiveCfg = Release|Any CPU
		{8AE88E90-5572-44F9-9538-35BBE4B0B3B3}.Release|Any CPU.Build.0 = Release|Any CPU
	EndGlobalSection
	GlobalSection(SolutionProperties) = preSolution
		HideSolutionNode = FALSE
	EndGlobalSection
	GlobalSection(ExtensibilityGlobals) = postSolution
		SolutionGuid = {C0896AC1-CAF8-43FD-B158-2980FB6ECDCE}
	EndGlobalSection
EndGlobal
